
Microsoft Visual Studio Solution File, Format Version 12.00
# Visual Studio Version 16
VisualStudioVersion = 16.0.31205.134
MinimumVisualStudioVersion = 10.0.40219.1
Project("{9A19103F-16F7-4668-BE54-9A1E7A4F7556}") = "AssemblyCSharp", "AssemblyCSharp\AssemblyCSharp.csproj", "{77F656DA-2629-4879-A0BE-1F0D0ABA61D9}"
EndProject
Global
	GlobalSection(SolutionConfigurationPlatforms) = preSolution
		Debug|Any CPU = Debug|Any CPU
		Release|Any CPU = Release|Any CPU
	EndGlobalSection
	GlobalSection(ProjectConfigurationPlatforms) = postSolution
		{77F656DA-2629-4879-A0BE-1F0D0ABA61D9}.Debug|Any CPU.ActiveCfg = Debug|Any CPU
		{77F656DA-2629-4879-A0BE-1F0D0ABA61D9}.Debug|Any CPU.Build.0 = Debug|Any CPU
		{77F656DA-2629-4879-A0BE-1F0D0ABA61D9}.Release|Any CPU.ActiveCfg = Release|Any CPU
		{77F656DA-2629-4879-A0BE-1F0D0ABA61D9}.Release|Any CPU.Build.0 = Release|Any CPU
	EndGlobalSection
	GlobalSection(SolutionProperties) = preSolution
		HideSolutionNode = FALSE
	EndGlobalSection
	GlobalSection(ExtensibilityGlobals) = postSolution
		SolutionGuid = {2489C3B7-6B68-41AA-A266-A4158879BAB6}
	EndGlobalSection
EndGlobal
